// !$*UTF8*$!
{
	archiveVersion = 1;
	classes = {
	};
	objectVersion = 46;
	objects = {

/* Begin PBXBuildFile section */
		0429E3AB2314215900369966 /* EBCardCollectionViewLayout_iOS.h in Headers */ = {isa = PBXBuildFile; fileRef = 0429E3A92314215900369966 /* EBCardCollectionViewLayout_iOS.h */; };
		0429E3AF231421D600369966 /* EBCardCollectionViewLayout.h in Sources */ = {isa = PBXBuildFile; fileRef = 67BE543519DF90A100AE1379 /* EBCardCollectionViewLayout.h */; };
		0429E3B0231421D600369966 /* EBCardCollectionViewLayout.m in Sources */ = {isa = PBXBuildFile; fileRef = 67BE543619DF90A100AE1379 /* EBCardCollectionViewLayout.m */; };
		042D260B231D81400010D81E /* EBCardCollectionViewLayout.framework in Frameworks */ = {isa = PBXBuildFile; fileRef = 0429E3A72314215900369966 /* EBCardCollectionViewLayout.framework */; };
		042D260C231D81400010D81E /* EBCardCollectionViewLayout.framework in Embed Frameworks */ = {isa = PBXBuildFile; fileRef = 0429E3A72314215900369966 /* EBCardCollectionViewLayout.framework */; settings = {ATTRIBUTES = (CodeSignOnCopy, RemoveHeadersOnCopy, ); }; };
		042D2610231D821A0010D81E /* EBCardCollectionViewLayout.h in Headers */ = {isa = PBXBuildFile; fileRef = 67BE543519DF90A100AE1379 /* EBCardCollectionViewLayout.h */; settings = {ATTRIBUTES = (Public, ); }; };
		6777D03819DA0B1100DCE962 /* main.m in Sources */ = {isa = PBXBuildFile; fileRef = 6777D03719DA0B1100DCE962 /* main.m */; };
		6777D03B19DA0B1100DCE962 /* AppDelegate.m in Sources */ = {isa = PBXBuildFile; fileRef = 6777D03A19DA0B1100DCE962 /* AppDelegate.m */; };
		6777D03E19DA0B1100DCE962 /* DemoViewController.m in Sources */ = {isa = PBXBuildFile; fileRef = 6777D03D19DA0B1100DCE962 /* DemoViewController.m */; };
		6777D04119DA0B1100DCE962 /* Main.storyboard in Resources */ = {isa = PBXBuildFile; fileRef = 6777D03F19DA0B1100DCE962 /* Main.storyboard */; };
		6777D04319DA0B1100DCE962 /* Images.xcassets in Resources */ = {isa = PBXBuildFile; fileRef = 6777D04219DA0B1100DCE962 /* Images.xcassets */; };
		6777D04619DA0B1100DCE962 /* LaunchScreen.xib in Resources */ = {isa = PBXBuildFile; fileRef = 6777D04419DA0B1100DCE962 /* LaunchScreen.xib */; };
		6777D05219DA0B1100DCE962 /* EBCardCollectionViewLayoutTests.m in Sources */ = {isa = PBXBuildFile; fileRef = 6777D05119DA0B1100DCE962 /* EBCardCollectionViewLayoutTests.m */; };
		6777D06019DA2A8300DCE962 /* DemoCollectionViewCell.m in Sources */ = {isa = PBXBuildFile; fileRef = 6777D05F19DA2A8300DCE962 /* DemoCollectionViewCell.m */; };
		67BE543719DF90A100AE1379 /* EBCardCollectionViewLayout.m in Sources */ = {isa = PBXBuildFile; fileRef = 67BE543619DF90A100AE1379 /* EBCardCollectionViewLayout.m */; };
		67BE543A19DF92D000AE1379 /* loboscator@2x.jpg in Resources */ = {isa = PBXBuildFile; fileRef = 67BE543919DF92D000AE1379 /* loboscator@2x.jpg */; };
		67BE543D19DF9BA500AE1379 /* Person.m in Sources */ = {isa = PBXBuildFile; fileRef = 67BE543C19DF9BA500AE1379 /* Person.m */; };
		67BE543F19DF9FE600AE1379 /* pepperpotts@2x.jpg in Resources */ = {isa = PBXBuildFile; fileRef = 67BE543E19DF9FE600AE1379 /* pepperpotts@2x.jpg */; };
		67BE544119DFA0B000AE1379 /* nieblah@2x.jpg in Resources */ = {isa = PBXBuildFile; fileRef = 67BE544019DFA0B000AE1379 /* nieblah@2x.jpg */; };
		67BE544319DFA11500AE1379 /* f@2x.jpg in Resources */ = {isa = PBXBuildFile; fileRef = 67BE544219DFA11500AE1379 /* f@2x.jpg */; };
		67BE544519DFA1B000AE1379 /* fernandomoran@2x.jpg in Resources */ = {isa = PBXBuildFile; fileRef = 67BE544419DFA1B000AE1379 /* fernandomoran@2x.jpg */; };
		67BE544719DFA24F00AE1379 /* acarolain@2x.jpg in Resources */ = {isa = PBXBuildFile; fileRef = 67BE544619DFA24F00AE1379 /* acarolain@2x.jpg */; };
		67BE544919DFA2D800AE1379 /* jcasarini@2x.jpg in Resources */ = {isa = PBXBuildFile; fileRef = 67BE544819DFA2D800AE1379 /* jcasarini@2x.jpg */; };
		67BE544B19DFA34000AE1379 /* gastonoliva@2x.jpg in Resources */ = {isa = PBXBuildFile; fileRef = 67BE544A19DFA34000AE1379 /* gastonoliva@2x.jpg */; };
		67BE544D19DFA3C700AE1379 /* anitabagg@2x.jpg in Resources */ = {isa = PBXBuildFile; fileRef = 67BE544C19DFA3C700AE1379 /* anitabagg@2x.jpg */; };
		67BE544F19DFA43A00AE1379 /* betzerra@2x.jpg in Resources */ = {isa = PBXBuildFile; fileRef = 67BE544E19DFA43A00AE1379 /* betzerra@2x.jpg */; };
		67DEA3C61AB646CF007A1FB3 /* DemoTableViewController.m in Sources */ = {isa = PBXBuildFile; fileRef = 67DEA3C51AB646CF007A1FB3 /* DemoTableViewController.m */; };
/* End PBXBuildFile section */

/* Begin PBXContainerItemProxy section */
		042D260D231D81400010D81E /* PBXContainerItemProxy */ = {
			isa = PBXContainerItemProxy;
			containerPortal = 6777D02A19DA0B1100DCE962 /* Project object */;
			proxyType = 1;
			remoteGlobalIDString = 0429E3A62314215900369966;
			remoteInfo = "EBCardCollectionViewLayout-iOS";
		};
		6777D04C19DA0B1100DCE962 /* PBXContainerItemProxy */ = {
			isa = PBXContainerItemProxy;
			containerPortal = 6777D02A19DA0B1100DCE962 /* Project object */;
			proxyType = 1;
			remoteGlobalIDString = 6777D03119DA0B1100DCE962;
			remoteInfo = EBCardCollectionViewLayout;
		};
/* End PBXContainerItemProxy section */

/* Begin PBXCopyFilesBuildPhase section */
		042D260F231D81400010D81E /* Embed Frameworks */ = {
			isa = PBXCopyFilesBuildPhase;
			buildActionMask = 2147483647;
			dstPath = "";
			dstSubfolderSpec = 10;
			files = (
				042D260C231D81400010D81E /* EBCardCollectionViewLayout.framework in Embed Frameworks */,
			);
			name = "Embed Frameworks";
			runOnlyForDeploymentPostprocessing = 0;
		};
/* End PBXCopyFilesBuildPhase section */

/* Begin PBXFileReference section */
		0429E3A72314215900369966 /* EBCardCollectionViewLayout.framework */ = {isa = PBXFileReference; explicitFileType = wrapper.framework; includeInIndex = 0; path = EBCardCollectionViewLayout.framework; sourceTree = BUILT_PRODUCTS_DIR; };
		0429E3A92314215900369966 /* EBCardCollectionViewLayout_iOS.h */ = {isa = PBXFileReference; lastKnownFileType = sourcecode.c.h; path = EBCardCollectionViewLayout_iOS.h; sourceTree = "<group>"; };
		0429E3AA2314215900369966 /* Info.plist */ = {isa = PBXFileReference; lastKnownFileType = text.plist.xml; path = Info.plist; sourceTree = "<group>"; };
		6777D03219DA0B1100DCE962 /* EBCardCollectionViewLayout.app */ = {isa = PBXFileReference; explicitFileType = wrapper.application; includeInIndex = 0; path = EBCardCollectionViewLayout.app; sourceTree = BUILT_PRODUCTS_DIR; };
		6777D03619DA0B1100DCE962 /* Info.plist */ = {isa = PBXFileReference; lastKnownFileType = text.plist.xml; path = Info.plist; sourceTree = "<group>"; };
		6777D03719DA0B1100DCE962 /* main.m */ = {isa = PBXFileReference; lastKnownFileType = sourcecode.c.objc; path = main.m; sourceTree = "<group>"; };
		6777D03919DA0B1100DCE962 /* AppDelegate.h */ = {isa = PBXFileReference; lastKnownFileType = sourcecode.c.h; path = AppDelegate.h; sourceTree = "<group>"; };
		6777D03A19DA0B1100DCE962 /* AppDelegate.m */ = {isa = PBXFileReference; lastKnownFileType = sourcecode.c.objc; path = AppDelegate.m; sourceTree = "<group>"; };
		6777D03C19DA0B1100DCE962 /* DemoViewController.h */ = {isa = PBXFileReference; lastKnownFileType = sourcecode.c.h; path = DemoViewController.h; sourceTree = "<group>"; };
		6777D03D19DA0B1100DCE962 /* DemoViewController.m */ = {isa = PBXFileReference; lastKnownFileType = sourcecode.c.objc; path = DemoViewController.m; sourceTree = "<group>"; };
		6777D04019DA0B1100DCE962 /* Base */ = {isa = PBXFileReference; lastKnownFileType = file.storyboard; name = Base; path = Base.lproj/Main.storyboard; sourceTree = "<group>"; };
		6777D04219DA0B1100DCE962 /* Images.xcassets */ = {isa = PBXFileReference; lastKnownFileType = folder.assetcatalog; path = Images.xcassets; sourceTree = "<group>"; };
		6777D04519DA0B1100DCE962 /* Base */ = {isa = PBXFileReference; lastKnownFileType = file.xib; name = Base; path = Base.lproj/LaunchScreen.xib; sourceTree = "<group>"; };
		6777D04B19DA0B1100DCE962 /* EBCardCollectionViewLayoutTests.xctest */ = {isa = PBXFileReference; explicitFileType = wrapper.cfbundle; includeInIndex = 0; path = EBCardCollectionViewLayoutTests.xctest; sourceTree = BUILT_PRODUCTS_DIR; };
		6777D05019DA0B1100DCE962 /* Info.plist */ = {isa = PBXFileReference; lastKnownFileType = text.plist.xml; path = Info.plist; sourceTree = "<group>"; };
		6777D05119DA0B1100DCE962 /* EBCardCollectionViewLayoutTests.m */ = {isa = PBXFileReference; lastKnownFileType = sourcecode.c.objc; path = EBCardCollectionViewLayoutTests.m; sourceTree = "<group>"; };
		6777D05E19DA2A8300DCE962 /* DemoCollectionViewCell.h */ = {isa = PBXFileReference; fileEncoding = 4; lastKnownFileType = sourcecode.c.h; path = DemoCollectionViewCell.h; sourceTree = "<group>"; };
		6777D05F19DA2A8300DCE962 /* DemoCollectionViewCell.m */ = {isa = PBXFileReference; fileEncoding = 4; lastKnownFileType = sourcecode.c.objc; path = DemoCollectionViewCell.m; sourceTree = "<group>"; };
		67BE543519DF90A100AE1379 /* EBCardCollectionViewLayout.h */ = {isa = PBXFileReference; fileEncoding = 4; lastKnownFileType = sourcecode.c.h; path = EBCardCollectionViewLayout.h; sourceTree = "<group>"; };
		67BE543619DF90A100AE1379 /* EBCardCollectionViewLayout.m */ = {isa = PBXFileReference; fileEncoding = 4; lastKnownFileType = sourcecode.c.objc; path = EBCardCollectionViewLayout.m; sourceTree = "<group>"; };
		67BE543919DF92D000AE1379 /* loboscator@2x.jpg */ = {isa = PBXFileReference; lastKnownFileType = image.jpeg; path = "loboscator@2x.jpg"; sourceTree = "<group>"; };
		67BE543B19DF9BA500AE1379 /* Person.h */ = {isa = PBXFileReference; fileEncoding = 4; lastKnownFileType = sourcecode.c.h; path = Person.h; sourceTree = "<group>"; };
		67BE543C19DF9BA500AE1379 /* Person.m */ = {isa = PBXFileReference; fileEncoding = 4; lastKnownFileType = sourcecode.c.objc; path = Person.m; sourceTree = "<group>"; };
		67BE543E19DF9FE600AE1379 /* pepperpotts@2x.jpg */ = {isa = PBXFileReference; lastKnownFileType = image.jpeg; path = "pepperpotts@2x.jpg"; sourceTree = "<group>"; };
		67BE544019DFA0B000AE1379 /* nieblah@2x.jpg */ = {isa = PBXFileReference; lastKnownFileType = image.jpeg; path = "nieblah@2x.jpg"; sourceTree = "<group>"; };
		67BE544219DFA11500AE1379 /* f@2x.jpg */ = {isa = PBXFileReference; lastKnownFileType = image.jpeg; path = "f@2x.jpg"; sourceTree = "<group>"; };
		67BE544419DFA1B000AE1379 /* fernandomoran@2x.jpg */ = {isa = PBXFileReference; lastKnownFileType = image.jpeg; path = "fernandomoran@2x.jpg"; sourceTree = "<group>"; };
		67BE544619DFA24F00AE1379 /* acarolain@2x.jpg */ = {isa = PBXFileReference; lastKnownFileType = image.jpeg; path = "acarolain@2x.jpg"; sourceTree = "<group>"; };
		67BE544819DFA2D800AE1379 /* jcasarini@2x.jpg */ = {isa = PBXFileReference; lastKnownFileType = image.jpeg; path = "jcasarini@2x.jpg"; sourceTree = "<group>"; };
		67BE544A19DFA34000AE1379 /* gastonoliva@2x.jpg */ = {isa = PBXFileReference; lastKnownFileType = image.jpeg; path = "gastonoliva@2x.jpg"; sourceTree = "<group>"; };
		67BE544C19DFA3C700AE1379 /* anitabagg@2x.jpg */ = {isa = PBXFileReference; lastKnownFileType = image.jpeg; path = "anitabagg@2x.jpg"; sourceTree = "<group>"; };
		67BE544E19DFA43A00AE1379 /* betzerra@2x.jpg */ = {isa = PBXFileReference; lastKnownFileType = image.jpeg; path = "betzerra@2x.jpg"; sourceTree = "<group>"; };
		67DEA3C41AB646CF007A1FB3 /* DemoTableViewController.h */ = {isa = PBXFileReference; fileEncoding = 4; lastKnownFileType = sourcecode.c.h; path = DemoTableViewController.h; sourceTree = "<group>"; };
		67DEA3C51AB646CF007A1FB3 /* DemoTableViewController.m */ = {isa = PBXFileReference; fileEncoding = 4; lastKnownFileType = sourcecode.c.objc; path = DemoTableViewController.m; sourceTree = "<group>"; };
/* End PBXFileReference section */

/* Begin PBXFrameworksBuildPhase section */
		0429E3A42314215900369966 /* Frameworks */ = {
			isa = PBXFrameworksBuildPhase;
			buildActionMask = 2147483647;
			files = (
			);
			runOnlyForDeploymentPostprocessing = 0;
		};
		6777D02F19DA0B1100DCE962 /* Frameworks */ = {
			isa = PBXFrameworksBuildPhase;
			buildActionMask = 2147483647;
			files = (
				042D260B231D81400010D81E /* EBCardCollectionViewLayout.framework in Frameworks */,
			);
			runOnlyForDeploymentPostprocessing = 0;
		};
		6777D04819DA0B1100DCE962 /* Frameworks */ = {
			isa = PBXFrameworksBuildPhase;
			buildActionMask = 2147483647;
			files = (
			);
			runOnlyForDeploymentPostprocessing = 0;
		};
/* End PBXFrameworksBuildPhase section */

/* Begin PBXGroup section */
		0429E3A82314215900369966 /* EBCardCollectionViewLayout-iOS */ = {
			isa = PBXGroup;
			children = (
				0429E3A92314215900369966 /* EBCardCollectionViewLayout_iOS.h */,
				0429E3AA2314215900369966 /* Info.plist */,
			);
			path = "EBCardCollectionViewLayout-iOS";
			sourceTree = "<group>";
		};
		042D2609231D810E0010D81E /* Frameworks */ = {
			isa = PBXGroup;
			children = (
			);
			name = Frameworks;
			sourceTree = "<group>";
		};
		6777D02919DA0B1100DCE962 = {
			isa = PBXGroup;
			children = (
				6777D03419DA0B1100DCE962 /* EBCardCollectionViewLayout */,
				6777D04E19DA0B1100DCE962 /* EBCardCollectionViewLayoutTests */,
				0429E3A82314215900369966 /* EBCardCollectionViewLayout-iOS */,
				6777D03319DA0B1100DCE962 /* Products */,
				042D2609231D810E0010D81E /* Frameworks */,
			);
			sourceTree = "<group>";
		};
		6777D03319DA0B1100DCE962 /* Products */ = {
			isa = PBXGroup;
			children = (
				6777D03219DA0B1100DCE962 /* EBCardCollectionViewLayout.app */,
				6777D04B19DA0B1100DCE962 /* EBCardCollectionViewLayoutTests.xctest */,
				0429E3A72314215900369966 /* EBCardCollectionViewLayout.framework */,
			);
			name = Products;
			sourceTree = "<group>";
		};
		6777D03419DA0B1100DCE962 /* EBCardCollectionViewLayout */ = {
			isa = PBXGroup;
			children = (
				6777D03919DA0B1100DCE962 /* AppDelegate.h */,
				6777D03A19DA0B1100DCE962 /* AppDelegate.m */,
				67BE543819DF92D000AE1379 /* Assets */,
				6777D05E19DA2A8300DCE962 /* DemoCollectionViewCell.h */,
				67DEA3C41AB646CF007A1FB3 /* DemoTableViewController.h */,
				67DEA3C51AB646CF007A1FB3 /* DemoTableViewController.m */,
				6777D05F19DA2A8300DCE962 /* DemoCollectionViewCell.m */,
				6777D03C19DA0B1100DCE962 /* DemoViewController.h */,
				6777D03D19DA0B1100DCE962 /* DemoViewController.m */,
				6777D04219DA0B1100DCE962 /* Images.xcassets */,
				6777D04419DA0B1100DCE962 /* LaunchScreen.xib */,
				6777D03F19DA0B1100DCE962 /* Main.storyboard */,
				67BE543B19DF9BA500AE1379 /* Person.h */,
				67BE543C19DF9BA500AE1379 /* Person.m */,
				67BE543419DF90A100AE1379 /* src */,
				6777D03519DA0B1100DCE962 /* Supporting Files */,
			);
			path = EBCardCollectionViewLayout;
			sourceTree = "<group>";
		};
		6777D03519DA0B1100DCE962 /* Supporting Files */ = {
			isa = PBXGroup;
			children = (
				6777D03619DA0B1100DCE962 /* Info.plist */,
				6777D03719DA0B1100DCE962 /* main.m */,
			);
			name = "Supporting Files";
			sourceTree = "<group>";
		};
		6777D04E19DA0B1100DCE962 /* EBCardCollectionViewLayoutTests */ = {
			isa = PBXGroup;
			children = (
				6777D05119DA0B1100DCE962 /* EBCardCollectionViewLayoutTests.m */,
				6777D04F19DA0B1100DCE962 /* Supporting Files */,
			);
			path = EBCardCollectionViewLayoutTests;
			sourceTree = "<group>";
		};
		6777D04F19DA0B1100DCE962 /* Supporting Files */ = {
			isa = PBXGroup;
			children = (
				6777D05019DA0B1100DCE962 /* Info.plist */,
			);
			name = "Supporting Files";
			sourceTree = "<group>";
		};
		67BE543419DF90A100AE1379 /* src */ = {
			isa = PBXGroup;
			children = (
				67BE543519DF90A100AE1379 /* EBCardCollectionViewLayout.h */,
				67BE543619DF90A100AE1379 /* EBCardCollectionViewLayout.m */,
			);
			path = src;
			sourceTree = "<group>";
		};
		67BE543819DF92D000AE1379 /* Assets */ = {
			isa = PBXGroup;
			children = (
				67BE544619DFA24F00AE1379 /* acarolain@2x.jpg */,
				67BE544019DFA0B000AE1379 /* nieblah@2x.jpg */,
				67BE544819DFA2D800AE1379 /* jcasarini@2x.jpg */,
				67BE543919DF92D000AE1379 /* loboscator@2x.jpg */,
				67BE543E19DF9FE600AE1379 /* pepperpotts@2x.jpg */,
				67BE544E19DFA43A00AE1379 /* betzerra@2x.jpg */,
				67BE544219DFA11500AE1379 /* f@2x.jpg */,
				67BE544C19DFA3C700AE1379 /* anitabagg@2x.jpg */,
				67BE544419DFA1B000AE1379 /* fernandomoran@2x.jpg */,
				67BE544A19DFA34000AE1379 /* gastonoliva@2x.jpg */,
			);
			path = Assets;
			sourceTree = "<group>";
		};
/* End PBXGroup section */

/* Begin PBXHeadersBuildPhase section */
		0429E3A22314215900369966 /* Headers */ = {
			isa = PBXHeadersBuildPhase;
			buildActionMask = 2147483647;
			files = (
				042D2610231D821A0010D81E /* EBCardCollectionViewLayout.h in Headers */,
				0429E3AB2314215900369966 /* EBCardCollectionViewLayout_iOS.h in Headers */,
			);
			runOnlyForDeploymentPostprocessing = 0;
		};
/* End PBXHeadersBuildPhase section */

/* Begin PBXNativeTarget section */
		0429E3A62314215900369966 /* EBCardCollectionViewLayout-iOS */ = {
			isa = PBXNativeTarget;
			buildConfigurationList = 0429E3AE2314215900369966 /* Build configuration list for PBXNativeTarget "EBCardCollectionViewLayout-iOS" */;
			buildPhases = (
				0429E3A22314215900369966 /* Headers */,
				0429E3A32314215900369966 /* Sources */,
				0429E3A42314215900369966 /* Frameworks */,
				0429E3A52314215900369966 /* Resources */,
			);
			buildRules = (
			);
			dependencies = (
			);
			name = "EBCardCollectionViewLayout-iOS";
			productName = "EBCardCollectionViewLayout-iOS";
			productReference = 0429E3A72314215900369966 /* EBCardCollectionViewLayout.framework */;
			productType = "com.apple.product-type.framework";
		};
		6777D03119DA0B1100DCE962 /* EBCardCollectionViewLayout */ = {
			isa = PBXNativeTarget;
			buildConfigurationList = 6777D05519DA0B1100DCE962 /* Build configuration list for PBXNativeTarget "EBCardCollectionViewLayout" */;
			buildPhases = (
				6777D02E19DA0B1100DCE962 /* Sources */,
				6777D02F19DA0B1100DCE962 /* Frameworks */,
				6777D03019DA0B1100DCE962 /* Resources */,
				042D260F231D81400010D81E /* Embed Frameworks */,
			);
			buildRules = (
			);
			dependencies = (
				042D260E231D81400010D81E /* PBXTargetDependency */,
			);
			name = EBCardCollectionViewLayout;
			productName = EBCardCollectionViewLayout;
			productReference = 6777D03219DA0B1100DCE962 /* EBCardCollectionViewLayout.app */;
			productType = "com.apple.product-type.application";
		};
		6777D04A19DA0B1100DCE962 /* EBCardCollectionViewLayoutTests */ = {
			isa = PBXNativeTarget;
			buildConfigurationList = 6777D05819DA0B1100DCE962 /* Build configuration list for PBXNativeTarget "EBCardCollectionViewLayoutTests" */;
			buildPhases = (
				6777D04719DA0B1100DCE962 /* Sources */,
				6777D04819DA0B1100DCE962 /* Frameworks */,
				6777D04919DA0B1100DCE962 /* Resources */,
			);
			buildRules = (
			);
			dependencies = (
				6777D04D19DA0B1100DCE962 /* PBXTargetDependency */,
			);
			name = EBCardCollectionViewLayoutTests;
			productName = EBCardCollectionViewLayoutTests;
			productReference = 6777D04B19DA0B1100DCE962 /* EBCardCollectionViewLayoutTests.xctest */;
			productType = "com.apple.product-type.bundle.unit-test";
		};
/* End PBXNativeTarget section */

/* Begin PBXProject section */
		6777D02A19DA0B1100DCE962 /* Project object */ = {
			isa = PBXProject;
			attributes = {
				LastUpgradeCheck = 1030;
				ORGANIZATIONNAME = "Ezequiel A Becerra";
				TargetAttributes = {
					0429E3A62314215900369966 = {
						CreatedOnToolsVersion = 10.3;
						ProvisioningStyle = Automatic;
					};
					6777D03119DA0B1100DCE962 = {
						CreatedOnToolsVersion = 6.0.1;
					};
					6777D04A19DA0B1100DCE962 = {
						CreatedOnToolsVersion = 6.0.1;
						TestTargetID = 6777D03119DA0B1100DCE962;
					};
				};
			};
			buildConfigurationList = 6777D02D19DA0B1100DCE962 /* Build configuration list for PBXProject "EBCardCollectionViewLayout" */;
			compatibilityVersion = "Xcode 3.2";
			developmentRegion = en;
			hasScannedForEncodings = 0;
			knownRegions = (
				en,
				Base,
			);
			mainGroup = 6777D02919DA0B1100DCE962;
			productRefGroup = 6777D03319DA0B1100DCE962 /* Products */;
			projectDirPath = "";
			projectRoot = "";
			targets = (
				6777D03119DA0B1100DCE962 /* EBCardCollectionViewLayout */,
				6777D04A19DA0B1100DCE962 /* EBCardCollectionViewLayoutTests */,
				0429E3A62314215900369966 /* EBCardCollectionViewLayout-iOS */,
			);
		};
/* End PBXProject section */

/* Begin PBXResourcesBuildPhase section */
		0429E3A52314215900369966 /* Resources */ = {
			isa = PBXResourcesBuildPhase;
			buildActionMask = 2147483647;
			files = (
			);
			runOnlyForDeploymentPostprocessing = 0;
		};
		6777D03019DA0B1100DCE962 /* Resources */ = {
			isa = PBXResourcesBuildPhase;
			buildActionMask = 2147483647;
			files = (
				6777D04119DA0B1100DCE962 /* Main.storyboard in Resources */,
				67BE543F19DF9FE600AE1379 /* pepperpotts@2x.jpg in Resources */,
				67BE544319DFA11500AE1379 /* f@2x.jpg in Resources */,
				67BE544B19DFA34000AE1379 /* gastonoliva@2x.jpg in Resources */,
				67BE544119DFA0B000AE1379 /* nieblah@2x.jpg in Resources */,
				67BE544719DFA24F00AE1379 /* acarolain@2x.jpg in Resources */,
				67BE544919DFA2D800AE1379 /* jcasarini@2x.jpg in Resources */,
				67BE543A19DF92D000AE1379 /* loboscator@2x.jpg in Resources */,
				6777D04619DA0B1100DCE962 /* LaunchScreen.xib in Resources */,
				6777D04319DA0B1100DCE962 /* Images.xcassets in Resources */,
				67BE544519DFA1B000AE1379 /* fernandomoran@2x.jpg in Resources */,
				67BE544F19DFA43A00AE1379 /* betzerra@2x.jpg in Resources */,
				67BE544D19DFA3C700AE1379 /* anitabagg@2x.jpg in Resources */,
			);
			runOnlyForDeploymentPostprocessing = 0;
		};
		6777D04919DA0B1100DCE962 /* Resources */ = {
			isa = PBXResourcesBuildPhase;
			buildActionMask = 2147483647;
			files = (
			);
			runOnlyForDeploymentPostprocessing = 0;
		};
/* End PBXResourcesBuildPhase section */

/* Begin PBXSourcesBuildPhase section */
		0429E3A32314215900369966 /* Sources */ = {
			isa = PBXSourcesBuildPhase;
			buildActionMask = 2147483647;
			files = (
				0429E3AF231421D600369966 /* EBCardCollectionViewLayout.h in Sources */,
				0429E3B0231421D600369966 /* EBCardCollectionViewLayout.m in Sources */,
			);
			runOnlyForDeploymentPostprocessing = 0;
		};
		6777D02E19DA0B1100DCE962 /* Sources */ = {
			isa = PBXSourcesBuildPhase;
			buildActionMask = 2147483647;
			files = (
				67BE543D19DF9BA500AE1379 /* Person.m in Sources */,
				6777D03E19DA0B1100DCE962 /* DemoViewController.m in Sources */,
				6777D06019DA2A8300DCE962 /* DemoCollectionViewCell.m in Sources */,
				6777D03B19DA0B1100DCE962 /* AppDelegate.m in Sources */,
				67DEA3C61AB646CF007A1FB3 /* DemoTableViewController.m in Sources */,
				6777D03819DA0B1100DCE962 /* main.m in Sources */,
				67BE543719DF90A100AE1379 /* EBCardCollectionViewLayout.m in Sources */,
			);
			runOnlyForDeploymentPostprocessing = 0;
		};
		6777D04719DA0B1100DCE962 /* Sources */ = {
			isa = PBXSourcesBuildPhase;
			buildActionMask = 2147483647;
			files = (
				6777D05219DA0B1100DCE962 /* EBCardCollectionViewLayoutTests.m in Sources */,
			);
			runOnlyForDeploymentPostprocessing = 0;
		};
/* End PBXSourcesBuildPhase section */

/* Begin PBXTargetDependency section */
		042D260E231D81400010D81E /* PBXTargetDependency */ = {
			isa = PBXTargetDependency;
			target = 0429E3A62314215900369966 /* EBCardCollectionViewLayout-iOS */;
			targetProxy = 042D260D231D81400010D81E /* PBXContainerItemProxy */;
		};
		6777D04D19DA0B1100DCE962 /* PBXTargetDependency */ = {
			isa = PBXTargetDependency;
			target = 6777D03119DA0B1100DCE962 /* EBCardCollectionViewLayout */;
			targetProxy = 6777D04C19DA0B1100DCE962 /* PBXContainerItemProxy */;
		};
/* End PBXTargetDependency section */

/* Begin PBXVariantGroup section */
		6777D03F19DA0B1100DCE962 /* Main.storyboard */ = {
			isa = PBXVariantGroup;
			children = (
				6777D04019DA0B1100DCE962 /* Base */,
			);
			name = Main.storyboard;
			sourceTree = "<group>";
		};
		6777D04419DA0B1100DCE962 /* LaunchScreen.xib */ = {
			isa = PBXVariantGroup;
			children = (
				6777D04519DA0B1100DCE962 /* Base */,
			);
			name = LaunchScreen.xib;
			sourceTree = "<group>";
		};
/* End PBXVariantGroup section */

/* Begin XCBuildConfiguration section */
		0429E3AC2314215900369966 /* Debug */ = {
			isa = XCBuildConfiguration;
			buildSettings = {
				APPLICATION_EXTENSION_API_ONLY = YES;
				CLANG_ANALYZER_NONNULL = YES;
				CLANG_ANALYZER_NUMBER_OBJECT_CONVERSION = YES_AGGRESSIVE;
				CLANG_CXX_LANGUAGE_STANDARD = "gnu++14";
				CLANG_ENABLE_OBJC_WEAK = YES;
				CLANG_WARN_BLOCK_CAPTURE_AUTORELEASING = YES;
				CLANG_WARN_COMMA = YES;
				CLANG_WARN_DEPRECATED_OBJC_IMPLEMENTATIONS = YES;
				CLANG_WARN_DOCUMENTATION_COMMENTS = YES;
				CLANG_WARN_INFINITE_RECURSION = YES;
				CLANG_WARN_NON_LITERAL_NULL_CONVERSION = YES;
				CLANG_WARN_OBJC_IMPLICIT_RETAIN_SELF = YES;
				CLANG_WARN_OBJC_LITERAL_CONVERSION = YES;
				CLANG_WARN_RANGE_LOOP_ANALYSIS = YES;
				CLANG_WARN_STRICT_PROTOTYPES = YES;
				CLANG_WARN_SUSPICIOUS_MOVE = YES;
				CLANG_WARN_UNGUARDED_AVAILABILITY = YES_AGGRESSIVE;
				CODE_SIGN_IDENTITY = "";
				CODE_SIGN_STYLE = Automatic;
				CURRENT_PROJECT_VERSION = 1;
				DEBUG_INFORMATION_FORMAT = dwarf;
				DEFINES_MODULE = YES;
				DYLIB_COMPATIBILITY_VERSION = 1;
				DYLIB_CURRENT_VERSION = 1;
				DYLIB_INSTALL_NAME_BASE = "@rpath";
				ENABLE_TESTABILITY = YES;
				GCC_C_LANGUAGE_STANDARD = gnu11;
				GCC_NO_COMMON_BLOCKS = YES;
				INFOPLIST_FILE = "EBCardCollectionViewLayout-iOS/Info.plist";
				INSTALL_PATH = "$(LOCAL_LIBRARY_DIR)/Frameworks";
				IPHONEOS_DEPLOYMENT_TARGET = 8.0;
				LD_RUNPATH_SEARCH_PATHS = "$(inherited) @executable_path/Frameworks @loader_path/Frameworks";
				MTL_ENABLE_DEBUG_INFO = INCLUDE_SOURCE;
				MTL_FAST_MATH = YES;
				PRODUCT_BUNDLE_IDENTIFIER = "ar.com.betzerra.$(TARGET_NAME:rfc1034identifier)";
				PRODUCT_NAME = EBCardCollectionViewLayout;
				SKIP_INSTALL = YES;
				SWIFT_ACTIVE_COMPILATION_CONDITIONS = DEBUG;
				SWIFT_OPTIMIZATION_LEVEL = "-Onone";
				SWIFT_VERSION = 5.0;
				TARGETED_DEVICE_FAMILY = "1,2";
				VERSIONING_SYSTEM = "apple-generic";
				VERSION_INFO_PREFIX = "";
			};
			name = Debug;
		};
		0429E3AD2314215900369966 /* Release */ = {
			isa = XCBuildConfiguration;
			buildSettings = {
				APPLICATION_EXTENSION_API_ONLY = YES;
				CLANG_ANALYZER_NONNULL = YES;
				CLANG_ANALYZER_NUMBER_OBJECT_CONVERSION = YES_AGGRESSIVE;
				CLANG_CXX_LANGUAGE_STANDARD = "gnu++14";
				CLANG_ENABLE_OBJC_WEAK = YES;
				CLANG_WARN_BLOCK_CAPTURE_AUTORELEASING = YES;
				CLANG_WARN_COMMA = YES;
				CLANG_WARN_DEPRECATED_OBJC_IMPLEMENTATIONS = YES;
				CLANG_WARN_DOCUMENTATION_COMMENTS = YES;
				CLANG_WARN_INFINITE_RECURSION = YES;
				CLANG_WARN_NON_LITERAL_NULL_CONVERSION = YES;
				CLANG_WARN_OBJC_IMPLICIT_RETAIN_SELF = YES;
				CLANG_WARN_OBJC_LITERAL_CONVERSION = YES;
				CLANG_WARN_RANGE_LOOP_ANALYSIS = YES;
				CLANG_WARN_STRICT_PROTOTYPES = YES;
				CLANG_WARN_SUSPICIOUS_MOVE = YES;
				CLANG_WARN_UNGUARDED_AVAILABILITY = YES_AGGRESSIVE;
				CODE_SIGN_IDENTITY = "";
				CODE_SIGN_STYLE = Automatic;
				COPY_PHASE_STRIP = NO;
				CURRENT_PROJECT_VERSION = 1;
				DEBUG_INFORMATION_FORMAT = "dwarf-with-dsym";
				DEFINES_MODULE = YES;
				DYLIB_COMPATIBILITY_VERSION = 1;
				DYLIB_CURRENT_VERSION = 1;
				DYLIB_INSTALL_NAME_BASE = "@rpath";
				GCC_C_LANGUAGE_STANDARD = gnu11;
				GCC_NO_COMMON_BLOCKS = YES;
				INFOPLIST_FILE = "EBCardCollectionViewLayout-iOS/Info.plist";
				INSTALL_PATH = "$(LOCAL_LIBRARY_DIR)/Frameworks";
				IPHONEOS_DEPLOYMENT_TARGET = 8.0;
				LD_RUNPATH_SEARCH_PATHS = "$(inherited) @executable_path/Frameworks @loader_path/Frameworks";
				MTL_FAST_MATH = YES;
				PRODUCT_BUNDLE_IDENTIFIER = "ar.com.betzerra.$(TARGET_NAME:rfc1034identifier)";
				PRODUCT_NAME = EBCardCollectionViewLayout;
				SKIP_INSTALL = YES;
				SWIFT_OPTIMIZATION_LEVEL = "-Owholemodule";
				SWIFT_VERSION = 5.0;
				TARGETED_DEVICE_FAMILY = "1,2";
				VERSIONING_SYSTEM = "apple-generic";
				VERSION_INFO_PREFIX = "";
			};
			name = Release;
		};
		6777D05319DA0B1100DCE962 /* Debug */ = {
			isa = XCBuildConfiguration;
			buildSettings = {
				ALWAYS_SEARCH_USER_PATHS = NO;
				CLANG_ANALYZER_LOCALIZABILITY_NONLOCALIZED = YES;
				CLANG_CXX_LANGUAGE_STANDARD = "gnu++0x";
				CLANG_CXX_LIBRARY = "libc++";
				CLANG_ENABLE_MODULES = YES;
				CLANG_ENABLE_OBJC_ARC = YES;
				CLANG_WARN_BLOCK_CAPTURE_AUTORELEASING = YES;
				CLANG_WARN_BOOL_CONVERSION = YES;
				CLANG_WARN_COMMA = YES;
				CLANG_WARN_CONSTANT_CONVERSION = YES;
				CLANG_WARN_DEPRECATED_OBJC_IMPLEMENTATIONS = YES;
				CLANG_WARN_DIRECT_OBJC_ISA_USAGE = YES_ERROR;
				CLANG_WARN_EMPTY_BODY = YES;
				CLANG_WARN_ENUM_CONVERSION = YES;
				CLANG_WARN_INFINITE_RECURSION = YES;
				CLANG_WARN_INT_CONVERSION = YES;
				CLANG_WARN_NON_LITERAL_NULL_CONVERSION = YES;
				CLANG_WARN_OBJC_IMPLICIT_RETAIN_SELF = YES;
				CLANG_WARN_OBJC_LITERAL_CONVERSION = YES;
				CLANG_WARN_OBJC_ROOT_CLASS = YES_ERROR;
				CLANG_WARN_RANGE_LOOP_ANALYSIS = YES;
				CLANG_WARN_STRICT_PROTOTYPES = YES;
				CLANG_WARN_SUSPICIOUS_MOVE = YES;
				CLANG_WARN_UNREACHABLE_CODE = YES;
				CLANG_WARN__DUPLICATE_METHOD_MATCH = YES;
				"CODE_SIGN_IDENTITY[sdk=iphoneos*]" = "iPhone Developer";
				COPY_PHASE_STRIP = NO;
				ENABLE_STRICT_OBJC_MSGSEND = YES;
				ENABLE_TESTABILITY = YES;
				GCC_C_LANGUAGE_STANDARD = gnu99;
				GCC_DYNAMIC_NO_PIC = NO;
				GCC_NO_COMMON_BLOCKS = YES;
				GCC_OPTIMIZATION_LEVEL = 0;
				GCC_PREPROCESSOR_DEFINITIONS = (
					"DEBUG=1",
					"$(inherited)",
				);
				GCC_SYMBOLS_PRIVATE_EXTERN = NO;
				GCC_WARN_64_TO_32_BIT_CONVERSION = YES;
				GCC_WARN_ABOUT_RETURN_TYPE = YES_ERROR;
				GCC_WARN_UNDECLARED_SELECTOR = YES;
				GCC_WARN_UNINITIALIZED_AUTOS = YES_AGGRESSIVE;
				GCC_WARN_UNUSED_FUNCTION = YES;
				GCC_WARN_UNUSED_VARIABLE = YES;
				IPHONEOS_DEPLOYMENT_TARGET = 8.0;
				MTL_ENABLE_DEBUG_INFO = YES;
				ONLY_ACTIVE_ARCH = YES;
				SDKROOT = iphoneos;
			};
			name = Debug;
		};
		6777D05419DA0B1100DCE962 /* Release */ = {
			isa = XCBuildConfiguration;
			buildSettings = {
				ALWAYS_SEARCH_USER_PATHS = NO;
				CLANG_ANALYZER_LOCALIZABILITY_NONLOCALIZED = YES;
				CLANG_CXX_LANGUAGE_STANDARD = "gnu++0x";
				CLANG_CXX_LIBRARY = "libc++";
				CLANG_ENABLE_MODULES = YES;
				CLANG_ENABLE_OBJC_ARC = YES;
				CLANG_WARN_BLOCK_CAPTURE_AUTORELEASING = YES;
				CLANG_WARN_BOOL_CONVERSION = YES;
				CLANG_WARN_COMMA = YES;
				CLANG_WARN_CONSTANT_CONVERSION = YES;
				CLANG_WARN_DEPRECATED_OBJC_IMPLEMENTATIONS = YES;
				CLANG_WARN_DIRECT_OBJC_ISA_USAGE = YES_ERROR;
				CLANG_WARN_EMPTY_BODY = YES;
				CLANG_WARN_ENUM_CONVERSION = YES;
				CLANG_WARN_INFINITE_RECURSION = YES;
				CLANG_WARN_INT_CONVERSION = YES;
				CLANG_WARN_NON_LITERAL_NULL_CONVERSION = YES;
				CLANG_WARN_OBJC_IMPLICIT_RETAIN_SELF = YES;
				CLANG_WARN_OBJC_LITERAL_CONVERSION = YES;
				CLANG_WARN_OBJC_ROOT_CLASS = YES_ERROR;
				CLANG_WARN_RANGE_LOOP_ANALYSIS = YES;
				CLANG_WARN_STRICT_PROTOTYPES = YES;
				CLANG_WARN_SUSPICIOUS_MOVE = YES;
				CLANG_WARN_UNREACHABLE_CODE = YES;
				CLANG_WARN__DUPLICATE_METHOD_MATCH = YES;
				"CODE_SIGN_IDENTITY[sdk=iphoneos*]" = "iPhone Developer";
				COPY_PHASE_STRIP = YES;
				ENABLE_NS_ASSERTIONS = NO;
				ENABLE_STRICT_OBJC_MSGSEND = YES;
				GCC_C_LANGUAGE_STANDARD = gnu99;
				GCC_NO_COMMON_BLOCKS = YES;
				GCC_WARN_64_TO_32_BIT_CONVERSION = YES;
				GCC_WARN_ABOUT_RETURN_TYPE = YES_ERROR;
				GCC_WARN_UNDECLARED_SELECTOR = YES;
				GCC_WARN_UNINITIALIZED_AUTOS = YES_AGGRESSIVE;
				GCC_WARN_UNUSED_FUNCTION = YES;
				GCC_WARN_UNUSED_VARIABLE = YES;
				IPHONEOS_DEPLOYMENT_TARGET = 8.0;
				MTL_ENABLE_DEBUG_INFO = NO;
				SDKROOT = iphoneos;
				VALIDATE_PRODUCT = YES;
			};
			name = Release;
		};
		6777D05619DA0B1100DCE962 /* Debug */ = {
			isa = XCBuildConfiguration;
			buildSettings = {
				ASSETCATALOG_COMPILER_APPICON_NAME = AppIcon;
				INFOPLIST_FILE = EBCardCollectionViewLayout/Info.plist;
				IPHONEOS_DEPLOYMENT_TARGET = 8.0;
				LD_RUNPATH_SEARCH_PATHS = "$(inherited) @executable_path/Frameworks";
				PRODUCT_BUNDLE_IDENTIFIER = "ar.com.betzerra.$(PRODUCT_NAME:rfc1034identifier)";
				PRODUCT_NAME = "$(TARGET_NAME)";
			};
			name = Debug;
		};
		6777D05719DA0B1100DCE962 /* Release */ = {
			isa = XCBuildConfiguration;
			buildSettings = {
				ASSETCATALOG_COMPILER_APPICON_NAME = AppIcon;
				INFOPLIST_FILE = EBCardCollectionViewLayout/Info.plist;
				IPHONEOS_DEPLOYMENT_TARGET = 8.0;
				LD_RUNPATH_SEARCH_PATHS = "$(inherited) @executable_path/Frameworks";
				PRODUCT_BUNDLE_IDENTIFIER = "ar.com.betzerra.$(PRODUCT_NAME:rfc1034identifier)";
				PRODUCT_NAME = "$(TARGET_NAME)";
			};
			name = Release;
		};
		6777D05919DA0B1100DCE962 /* Debug */ = {
			isa = XCBuildConfiguration;
			buildSettings = {
				BUNDLE_LOADER = "$(TEST_HOST)";
				FRAMEWORK_SEARCH_PATHS = (
					"$(SDKROOT)/Developer/Library/Frameworks",
					"$(inherited)",
				);
				GCC_PREPROCESSOR_DEFINITIONS = (
					"DEBUG=1",
					"$(inherited)",
				);
				INFOPLIST_FILE = EBCardCollectionViewLayoutTests/Info.plist;
				LD_RUNPATH_SEARCH_PATHS = "$(inherited) @executable_path/Frameworks @loader_path/Frameworks";
				PRODUCT_BUNDLE_IDENTIFIER = "ar.com.betzerra.$(PRODUCT_NAME:rfc1034identifier)";
				PRODUCT_NAME = "$(TARGET_NAME)";
				TEST_HOST = "$(BUILT_PRODUCTS_DIR)/EBCardCollectionViewLayout.app/EBCardCollectionViewLayout";
			};
			name = Debug;
		};
		6777D05A19DA0B1100DCE962 /* Release */ = {
			isa = XCBuildConfiguration;
			buildSettings = {
				BUNDLE_LOADER = "$(TEST_HOST)";
				FRAMEWORK_SEARCH_PATHS = (
					"$(SDKROOT)/Developer/Library/Frameworks",
					"$(inherited)",
				);
				INFOPLIST_FILE = EBCardCollectionViewLayoutTests/Info.plist;
				LD_RUNPATH_SEARCH_PATHS = "$(inherited) @executable_path/Frameworks @loader_path/Frameworks";
				PRODUCT_BUNDLE_IDENTIFIER = "ar.com.betzerra.$(PRODUCT_NAME:rfc1034identifier)";
				PRODUCT_NAME = "$(TARGET_NAME)";
				TEST_HOST = "$(BUILT_PRODUCTS_DIR)/EBCardCollectionViewLayout.app/EBCardCollectionViewLayout";
			};
			name = Release;
		};
/* End XCBuildConfiguration section */

/* Begin XCConfigurationList section */
		0429E3AE2314215900369966 /* Build configuration list for PBXNativeTarget "EBCardCollectionViewLayout-iOS" */ = {
			isa = XCConfigurationList;
			buildConfigurations = (
				0429E3AC2314215900369966 /* Debug */,
				0429E3AD2314215900369966 /* Release */,
			);
			defaultConfigurationIsVisible = 0;
			defaultConfigurationName = Release;
		};
		6777D02D19DA0B1100DCE962 /* Build configuration list for PBXProject "EBCardCollectionViewLayout" */ = {
			isa = XCConfigurationList;
			buildConfigurations = (
				6777D05319DA0B1100DCE962 /* Debug */,
				6777D05419DA0B1100DCE962 /* Release */,
			);
			defaultConfigurationIsVisible = 0;
			defaultConfigurationName = Release;
		};
		6777D05519DA0B1100DCE962 /* Build configuration list for PBXNativeTarget "EBCardCollectionViewLayout" */ = {
			isa = XCConfigurationList;
			buildConfigurations = (
				6777D05619DA0B1100DCE962 /* Debug */,
				6777D05719DA0B1100DCE962 /* Release */,
			);
			defaultConfigurationIsVisible = 0;
			defaultConfigurationName = Release;
		};
		6777D05819DA0B1100DCE962 /* Build configuration list for PBXNativeTarget "EBCardCollectionViewLayoutTests" */ = {
			isa = XCConfigurationList;
			buildConfigurations = (
				6777D05919DA0B1100DCE962 /* Debug */,
				6777D05A19DA0B1100DCE962 /* Release */,
			);
			defaultConfigurationIsVisible = 0;
			defaultConfigurationName = Release;
		};
/* End XCConfigurationList section */
	};
	rootObject = 6777D02A19DA0B1100DCE962 /* Project object */;
}
